Microsoft Visual Studio Solution File, Format Version 12.00
# Visual Studio Version 17
VisualStudioVersion = 17.5.2.0
MinimumVisualStudioVersion = 10.0.40219.1
Project("{FAE04EC0-301F-11D3-BF4B-00C04F79EFBC}") = "WebApplicationLab", "WebApplicationLab.csproj", "{A188CF75-2D2C-0E10-5172-1A668E86A626}"
EndProject
Global
	GlobalSection(SolutionConfigurationPlatforms) = preSolution
		Debug|Any CPU = Debug|Any CPU
		Release|Any CPU = Release|Any CPU
	EndGlobalSection
	GlobalSection(ProjectConfigurationPlatforms) = postSolution
		{A188CF75-2D2C-0E10-5172-1A668E86A626}.Debug|Any CPU.ActiveCfg = Debug|Any CPU
		{A188CF75-2D2C-0E10-5172-1A668E86A626}.Debug|Any CPU.Build.0 = Debug|Any CPU
		{A188CF75-2D2C-0E10-5172-1A668E86A626}.Release|Any CPU.ActiveCfg = Release|Any CPU
		{A188CF75-2D2C-0E10-5172-1A668E86A626}.Release|Any CPU.Build.0 = Release|Any CPU
	EndGlobalSection
	GlobalSection(SolutionProperties) = preSolution
		HideSolutionNode = FALSE
	EndGlobalSection
	GlobalSection(ExtensibilityGlobals) = postSolution
		SolutionGuid = {6153470D-537E-43BB-A4A5-0B0434DFC203}
	EndGlobalSection
EndGlobal
